// !$*UTF8*$!
{
	archiveVersion = 1;
	classes = {
	};
	objectVersion = 56;
	objects = {

/* Begin PBXBuildFile section */
		5384BDF828FB8B8E007F17C1 /* HowYaApp.swift in Sources */ = {isa = PBXBuildFile; fileRef = 5384BDF728FB8B8E007F17C1 /* HowYaApp.swift */; };
		5384BDFC28FB8B8F007F17C1 /* Assets.xcassets in Resources */ = {isa = PBXBuildFile; fileRef = 5384BDFB28FB8B8F007F17C1 /* Assets.xcassets */; };
		5384BDFF28FB8B8F007F17C1 /* Preview Assets.xcassets in Resources */ = {isa = PBXBuildFile; fileRef = 5384BDFE28FB8B8F007F17C1 /* Preview Assets.xcassets */; };
		5384BE0728FB957C007F17C1 /* MainView.swift in Sources */ = {isa = PBXBuildFile; fileRef = 5384BE0628FB957C007F17C1 /* MainView.swift */; };
		5384BE0A28FB96F6007F17C1 /* FriendEmotionView.swift in Sources */ = {isa = PBXBuildFile; fileRef = 5384BE0928FB96F6007F17C1 /* FriendEmotionView.swift */; };
		5384BE1128FB9A7E007F17C1 /* ViewModifier.swift in Sources */ = {isa = PBXBuildFile; fileRef = 5384BE1028FB9A7E007F17C1 /* ViewModifier.swift */; };
		5384BE4828FBBCD7007F17C1 /* EmotionsModel.swift in Sources */ = {isa = PBXBuildFile; fileRef = 5384BE4728FBBCD7007F17C1 /* EmotionsModel.swift */; };
		5384BE4A28FBEB66007F17C1 /* MapView.swift in Sources */ = {isa = PBXBuildFile; fileRef = 5384BE4928FBEB66007F17C1 /* MapView.swift */; };
		5384BE4C28FBED0D007F17C1 /* AddEmotionView.swift in Sources */ = {isa = PBXBuildFile; fileRef = 5384BE4B28FBED0D007F17C1 /* AddEmotionView.swift */; };
		5384BE4E28FC04AB007F17C1 /* ViewRouter.swift in Sources */ = {isa = PBXBuildFile; fileRef = 5384BE4D28FC04AB007F17C1 /* ViewRouter.swift */; };
		5384BE5028FC0D72007F17C1 /* EmotionListItem.swift in Sources */ = {isa = PBXBuildFile; fileRef = 5384BE4F28FC0D72007F17C1 /* EmotionListItem.swift */; };
		5384BE5A28FC1B8C007F17C1 /* Lexend-Black.ttf in Resources */ = {isa = PBXBuildFile; fileRef = 5384BE5328FC18A1007F17C1 /* Lexend-Black.ttf */; };
		5384BE5B28FC1B8F007F17C1 /* Lexend-Bold.ttf in Resources */ = {isa = PBXBuildFile; fileRef = 5384BE5428FC18A1007F17C1 /* Lexend-Bold.ttf */; };
		5384BE5C28FC1B92007F17C1 /* Lexend-ExtraLight.ttf in Resources */ = {isa = PBXBuildFile; fileRef = 5384BE5228FC18A1007F17C1 /* Lexend-ExtraLight.ttf */; };
		5384BE5D28FC1B95007F17C1 /* Lexend-ExtraBold.ttf in Resources */ = {isa = PBXBuildFile; fileRef = 5384BE5828FC18A1007F17C1 /* Lexend-ExtraBold.ttf */; };
		5384BE5E28FC1B97007F17C1 /* Lexend-Light.ttf in Resources */ = {isa = PBXBuildFile; fileRef = 5384BE5928FC18A1007F17C1 /* Lexend-Light.ttf */; };
		5384BE5F28FC1B9B007F17C1 /* Lexend-Medium.ttf in Resources */ = {isa = PBXBuildFile; fileRef = 5384BE5528FC18A1007F17C1 /* Lexend-Medium.ttf */; };
		5384BE6028FC1B9D007F17C1 /* Lexend-Regular.ttf in Resources */ = {isa = PBXBuildFile; fileRef = 5384BE5628FC18A1007F17C1 /* Lexend-Regular.ttf */; };
		5384BE6128FC1BA0007F17C1 /* Lexend-SemiBold.ttf in Resources */ = {isa = PBXBuildFile; fileRef = 5384BE5728FC18A1007F17C1 /* Lexend-SemiBold.ttf */; };
		5384BE6228FC1BA3007F17C1 /* Lexend-Thin.ttf in Resources */ = {isa = PBXBuildFile; fileRef = 5384BE5128FC18A1007F17C1 /* Lexend-Thin.ttf */; };
		5384BE6428FC1E98007F17C1 /* HomeView.swift in Sources */ = {isa = PBXBuildFile; fileRef = 5384BE6328FC1E98007F17C1 /* HomeView.swift */; };
		5384BE6728FC233B007F17C1 /* EmotionAnnotation.swift in Sources */ = {isa = PBXBuildFile; fileRef = 5384BE6628FC233B007F17C1 /* EmotionAnnotation.swift */; };
		5384BE6C28FC75DB007F17C1 /* Character.swift in Sources */ = {isa = PBXBuildFile; fileRef = 5384BE6B28FC75DB007F17C1 /* Character.swift */; };
		5384BE6E28FC760C007F17C1 /* ParkMapOverlay.swift in Sources */ = {isa = PBXBuildFile; fileRef = 5384BE6D28FC760C007F17C1 /* ParkMapOverlay.swift */; };
		5384BE7028FC7610007F17C1 /* ParkMapOverlayView.swift in Sources */ = {isa = PBXBuildFile; fileRef = 5384BE6F28FC7610007F17C1 /* ParkMapOverlayView.swift */; };
		5384BE7528FC7821007F17C1 /* EmotionAnnotationView.swift in Sources */ = {isa = PBXBuildFile; fileRef = 5384BE7428FC7821007F17C1 /* EmotionAnnotationView.swift */; };
		5384BE7E28FC7E41007F17C1 /* CurrentLocation.plist in Resources */ = {isa = PBXBuildFile; fileRef = 5384BE7828FC7E41007F17C1 /* CurrentLocation.plist */; };
		5384BE8028FC7E41007F17C1 /* SadLocations.plist in Resources */ = {isa = PBXBuildFile; fileRef = 5384BE7A28FC7E41007F17C1 /* SadLocations.plist */; };
		5384BE8128FC7E41007F17C1 /* NeutralLocations.plist in Resources */ = {isa = PBXBuildFile; fileRef = 5384BE7B28FC7E41007F17C1 /* NeutralLocations.plist */; };
		5384BE8228FC7E41007F17C1 /* HappyLocations.plist in Resources */ = {isa = PBXBuildFile; fileRef = 5384BE7C28FC7E41007F17C1 /* HappyLocations.plist */; };
		55D0CACE28FC5B5F009156D4 /* ReflectionView.swift in Sources */ = {isa = PBXBuildFile; fileRef = 55D0CACD28FC5B5F009156D4 /* ReflectionView.swift */; };
		55D0CAD428FC6549009156D4 /* UserModel.swift in Sources */ = {isa = PBXBuildFile; fileRef = 55D0CAD328FC6549009156D4 /* UserModel.swift */; };
/* End PBXBuildFile section */

/* Begin PBXFileReference section */
		5384BDF428FB8B8E007F17C1 /* HowYa.app */ = {isa = PBXFileReference; explicitFileType = wrapper.application; includeInIndex = 0; path = HowYa.app; sourceTree = BUILT_PRODUCTS_DIR; };
		5384BDF728FB8B8E007F17C1 /* HowYaApp.swift */ = {isa = PBXFileReference; lastKnownFileType = sourcecode.swift; path = HowYaApp.swift; sourceTree = "<group>"; };
		5384BDFB28FB8B8F007F17C1 /* Assets.xcassets */ = {isa = PBXFileReference; lastKnownFileType = folder.assetcatalog; path = Assets.xcassets; sourceTree = "<group>"; };
		5384BDFE28FB8B8F007F17C1 /* Preview Assets.xcassets */ = {isa = PBXFileReference; lastKnownFileType = folder.assetcatalog; path = "Preview Assets.xcassets"; sourceTree = "<group>"; };
		5384BE0628FB957C007F17C1 /* MainView.swift */ = {isa = PBXFileReference; lastKnownFileType = sourcecode.swift; path = MainView.swift; sourceTree = "<group>"; };
		5384BE0928FB96F6007F17C1 /* FriendEmotionView.swift */ = {isa = PBXFileReference; lastKnownFileType = sourcecode.swift; path = FriendEmotionView.swift; sourceTree = "<group>"; };
		5384BE1028FB9A7E007F17C1 /* ViewModifier.swift */ = {isa = PBXFileReference; lastKnownFileType = sourcecode.swift; path = ViewModifier.swift; sourceTree = "<group>"; };
		5384BE1E28FBB768007F17C1 /* Info.plist */ = {isa = PBXFileReference; lastKnownFileType = text.plist; path = Info.plist; sourceTree = "<group>"; };
		5384BE4728FBBCD7007F17C1 /* EmotionsModel.swift */ = {isa = PBXFileReference; lastKnownFileType = sourcecode.swift; path = EmotionsModel.swift; sourceTree = "<group>"; };
		5384BE4928FBEB66007F17C1 /* MapView.swift */ = {isa = PBXFileReference; lastKnownFileType = sourcecode.swift; path = MapView.swift; sourceTree = "<group>"; };
		5384BE4B28FBED0D007F17C1 /* AddEmotionView.swift */ = {isa = PBXFileReference; lastKnownFileType = sourcecode.swift; path = AddEmotionView.swift; sourceTree = "<group>"; };
		5384BE4D28FC04AB007F17C1 /* ViewRouter.swift */ = {isa = PBXFileReference; lastKnownFileType = sourcecode.swift; path = ViewRouter.swift; sourceTree = "<group>"; };
		5384BE4F28FC0D72007F17C1 /* EmotionListItem.swift */ = {isa = PBXFileReference; lastKnownFileType = sourcecode.swift; path = EmotionListItem.swift; sourceTree = "<group>"; };
		5384BE5128FC18A1007F17C1 /* Lexend-Thin.ttf */ = {isa = PBXFileReference; lastKnownFileType = file; path = "Lexend-Thin.ttf"; sourceTree = "<group>"; };
		5384BE5228FC18A1007F17C1 /* Lexend-ExtraLight.ttf */ = {isa = PBXFileReference; lastKnownFileType = file; path = "Lexend-ExtraLight.ttf"; sourceTree = "<group>"; };
		5384BE5328FC18A1007F17C1 /* Lexend-Black.ttf */ = {isa = PBXFileReference; lastKnownFileType = file; path = "Lexend-Black.ttf"; sourceTree = "<group>"; };
		5384BE5428FC18A1007F17C1 /* Lexend-Bold.ttf */ = {isa = PBXFileReference; lastKnownFileType = file; path = "Lexend-Bold.ttf"; sourceTree = "<group>"; };
		5384BE5528FC18A1007F17C1 /* Lexend-Medium.ttf */ = {isa = PBXFileReference; lastKnownFileType = file; path = "Lexend-Medium.ttf"; sourceTree = "<group>"; };
		5384BE5628FC18A1007F17C1 /* Lexend-Regular.ttf */ = {isa = PBXFileReference; lastKnownFileType = file; path = "Lexend-Regular.ttf"; sourceTree = "<group>"; };
		5384BE5728FC18A1007F17C1 /* Lexend-SemiBold.ttf */ = {isa = PBXFileReference; lastKnownFileType = file; path = "Lexend-SemiBold.ttf"; sourceTree = "<group>"; };
		5384BE5828FC18A1007F17C1 /* Lexend-ExtraBold.ttf */ = {isa = PBXFileReference; lastKnownFileType = file; path = "Lexend-ExtraBold.ttf"; sourceTree = "<group>"; };
		5384BE5928FC18A1007F17C1 /* Lexend-Light.ttf */ = {isa = PBXFileReference; lastKnownFileType = file; path = "Lexend-Light.ttf"; sourceTree = "<group>"; };
		5384BE6328FC1E98007F17C1 /* HomeView.swift */ = {isa = PBXFileReference; lastKnownFileType = sourcecode.swift; path = HomeView.swift; sourceTree = "<group>"; };
		5384BE6628FC233B007F17C1 /* EmotionAnnotation.swift */ = {isa = PBXFileReference; lastKnownFileType = sourcecode.swift; path = EmotionAnnotation.swift; sourceTree = "<group>"; };
		5384BE6B28FC75DB007F17C1 /* Character.swift */ = {isa = PBXFileReference; fileEncoding = 4; lastKnownFileType = sourcecode.swift; path = Character.swift; sourceTree = "<group>"; };
		5384BE6D28FC760C007F17C1 /* ParkMapOverlay.swift */ = {isa = PBXFileReference; fileEncoding = 4; lastKnownFileType = sourcecode.swift; path = ParkMapOverlay.swift; sourceTree = "<group>"; };
		5384BE6F28FC7610007F17C1 /* ParkMapOverlayView.swift */ = {isa = PBXFileReference; fileEncoding = 4; lastKnownFileType = sourcecode.swift; path = ParkMapOverlayView.swift; sourceTree = "<group>"; };
		5384BE7428FC7821007F17C1 /* EmotionAnnotationView.swift */ = {isa = PBXFileReference; lastKnownFileType = sourcecode.swift; path = EmotionAnnotationView.swift; sourceTree = "<group>"; };
		5384BE7828FC7E41007F17C1 /* CurrentLocation.plist */ = {isa = PBXFileReference; fileEncoding = 4; lastKnownFileType = text.plist.xml; path = CurrentLocation.plist; sourceTree = "<group>"; };
		5384BE7A28FC7E41007F17C1 /* SadLocations.plist */ = {isa = PBXFileReference; fileEncoding = 4; lastKnownFileType = text.plist.xml; path = SadLocations.plist; sourceTree = "<group>"; };
		5384BE7B28FC7E41007F17C1 /* NeutralLocations.plist */ = {isa = PBXFileReference; fileEncoding = 4; lastKnownFileType = text.plist.xml; path = NeutralLocations.plist; sourceTree = "<group>"; };
		5384BE7C28FC7E41007F17C1 /* HappyLocations.plist */ = {isa = PBXFileReference; fileEncoding = 4; lastKnownFileType = text.plist.xml; path = HappyLocations.plist; sourceTree = "<group>"; };
		55D0CACD28FC5B5F009156D4 /* ReflectionView.swift */ = {isa = PBXFileReference; lastKnownFileType = sourcecode.swift; path = ReflectionView.swift; sourceTree = "<group>"; };
		55D0CAD328FC6549009156D4 /* UserModel.swift */ = {isa = PBXFileReference; lastKnownFileType = sourcecode.swift; path = UserModel.swift; sourceTree = "<group>"; };
/* End PBXFileReference section */

/* Begin PBXFrameworksBuildPhase section */
		5384BDF128FB8B8E007F17C1 /* Frameworks */ = {
			isa = PBXFrameworksBuildPhase;
			buildActionMask = 2147483647;
			files = (
			);
			runOnlyForDeploymentPostprocessing = 0;
		};
/* End PBXFrameworksBuildPhase section */

/* Begin PBXGroup section */
		5384BDEB28FB8B8E007F17C1 = {
			isa = PBXGroup;
			children = (
				5384BDF628FB8B8E007F17C1 /* HowYa */,
				5384BDF528FB8B8E007F17C1 /* Products */,
			);
			sourceTree = "<group>";
		};
		5384BDF528FB8B8E007F17C1 /* Products */ = {
			isa = PBXGroup;
			children = (
				5384BDF428FB8B8E007F17C1 /* HowYa.app */,
			);
			name = Products;
			sourceTree = "<group>";
		};
		5384BDF628FB8B8E007F17C1 /* HowYa */ = {
			isa = PBXGroup;
			children = (
				5384BE7628FC7E39007F17C1 /* ParkInformation */,
				5384BE6828FC7552007F17C1 /* Overlays */,
				5384BE6528FC2326007F17C1 /* Annotations */,
				5384BE1E28FBB768007F17C1 /* Info.plist */,
				5384BE0F28FB9A74007F17C1 /* Models */,
				5384BE0828FB96DA007F17C1 /* Views */,
				5384BE0528FB93A8007F17C1 /* View Models */,
				5384BDF728FB8B8E007F17C1 /* HowYaApp.swift */,
				5384BE0628FB957C007F17C1 /* MainView.swift */,
				5384BDFB28FB8B8F007F17C1 /* Assets.xcassets */,
				5384BE1F28FBB8BF007F17C1 /* Fonts */,
				5384BDFD28FB8B8F007F17C1 /* Preview Content */,
				5384BE4D28FC04AB007F17C1 /* ViewRouter.swift */,
			);
			path = HowYa;
			sourceTree = "<group>";
		};
		5384BDFD28FB8B8F007F17C1 /* Preview Content */ = {
			isa = PBXGroup;
			children = (
				5384BDFE28FB8B8F007F17C1 /* Preview Assets.xcassets */,
			);
			path = "Preview Content";
			sourceTree = "<group>";
		};
		5384BE0528FB93A8007F17C1 /* View Models */ = {
			isa = PBXGroup;
			children = (
			);
			path = "View Models";
			sourceTree = "<group>";
		};
		5384BE0828FB96DA007F17C1 /* Views */ = {
			isa = PBXGroup;
			children = (
				5384BE0928FB96F6007F17C1 /* FriendEmotionView.swift */,
				5384BE4928FBEB66007F17C1 /* MapView.swift */,
				5384BE4B28FBED0D007F17C1 /* AddEmotionView.swift */,
				5384BE4F28FC0D72007F17C1 /* EmotionListItem.swift */,
				5384BE6328FC1E98007F17C1 /* HomeView.swift */,
				55D0CACD28FC5B5F009156D4 /* ReflectionView.swift */,
			);
			path = Views;
			sourceTree = "<group>";
		};
		5384BE0F28FB9A74007F17C1 /* Models */ = {
			isa = PBXGroup;
			children = (
				5384BE6B28FC75DB007F17C1 /* Character.swift */,
				5384BE1028FB9A7E007F17C1 /* ViewModifier.swift */,
				5384BE4728FBBCD7007F17C1 /* EmotionsModel.swift */,
				55D0CAD328FC6549009156D4 /* UserModel.swift */,
			);
			path = Models;
			sourceTree = "<group>";
		};
		5384BE1F28FBB8BF007F17C1 /* Fonts */ = {
			isa = PBXGroup;
			children = (
				5384BE5328FC18A1007F17C1 /* Lexend-Black.ttf */,
				5384BE5428FC18A1007F17C1 /* Lexend-Bold.ttf */,
				5384BE5828FC18A1007F17C1 /* Lexend-ExtraBold.ttf */,
				5384BE5228FC18A1007F17C1 /* Lexend-ExtraLight.ttf */,
				5384BE5928FC18A1007F17C1 /* Lexend-Light.ttf */,
				5384BE5528FC18A1007F17C1 /* Lexend-Medium.ttf */,
				5384BE5628FC18A1007F17C1 /* Lexend-Regular.ttf */,
				5384BE5728FC18A1007F17C1 /* Lexend-SemiBold.ttf */,
				5384BE5128FC18A1007F17C1 /* Lexend-Thin.ttf */,
			);
			path = Fonts;
			sourceTree = "<group>";
		};
		5384BE6528FC2326007F17C1 /* Annotations */ = {
			isa = PBXGroup;
			children = (
				5384BE6628FC233B007F17C1 /* EmotionAnnotation.swift */,
				5384BE7428FC7821007F17C1 /* EmotionAnnotationView.swift */,
			);
			path = Annotations;
			sourceTree = "<group>";
		};
		5384BE6828FC7552007F17C1 /* Overlays */ = {
			isa = PBXGroup;
			children = (
				5384BE6D28FC760C007F17C1 /* ParkMapOverlay.swift */,
				5384BE6F28FC7610007F17C1 /* ParkMapOverlayView.swift */,
			);
			path = Overlays;
			sourceTree = "<group>";
		};
		5384BE7628FC7E39007F17C1 /* ParkInformation */ = {
			isa = PBXGroup;
			children = (
				5384BE7C28FC7E41007F17C1 /* HappyLocations.plist */,
				5384BE7828FC7E41007F17C1 /* CurrentLocation.plist */,
				5384BE7A28FC7E41007F17C1 /* SadLocations.plist */,
				5384BE7B28FC7E41007F17C1 /* NeutralLocations.plist */,
			);
			path = ParkInformation;
			sourceTree = "<group>";
		};
/* End PBXGroup section */

/* Begin PBXNativeTarget section */
		5384BDF328FB8B8E007F17C1 /* HowYa */ = {
			isa = PBXNativeTarget;
			buildConfigurationList = 5384BE0228FB8B8F007F17C1 /* Build configuration list for PBXNativeTarget "HowYa" */;
			buildPhases = (
				5384BDF028FB8B8E007F17C1 /* Sources */,
				5384BDF128FB8B8E007F17C1 /* Frameworks */,
				5384BDF228FB8B8E007F17C1 /* Resources */,
			);
			buildRules = (
			);
			dependencies = (
			);
			name = HowYa;
			productName = HowYa;
			productReference = 5384BDF428FB8B8E007F17C1 /* HowYa.app */;
			productType = "com.apple.product-type.application";
		};
/* End PBXNativeTarget section */

/* Begin PBXProject section */
		5384BDEC28FB8B8E007F17C1 /* Project object */ = {
			isa = PBXProject;
			attributes = {
				BuildIndependentTargetsInParallel = 1;
				LastSwiftUpdateCheck = 1400;
				LastUpgradeCheck = 1400;
				TargetAttributes = {
					5384BDF328FB8B8E007F17C1 = {
						CreatedOnToolsVersion = 14.0.1;
					};
				};
			};
			buildConfigurationList = 5384BDEF28FB8B8E007F17C1 /* Build configuration list for PBXProject "HowYa" */;
			compatibilityVersion = "Xcode 14.0";
			developmentRegion = en;
			hasScannedForEncodings = 0;
			knownRegions = (
				en,
				Base,
			);
			mainGroup = 5384BDEB28FB8B8E007F17C1;
			productRefGroup = 5384BDF528FB8B8E007F17C1 /* Products */;
			projectDirPath = "";
			projectRoot = "";
			targets = (
				5384BDF328FB8B8E007F17C1 /* HowYa */,
			);
		};
/* End PBXProject section */

/* Begin PBXResourcesBuildPhase section */
		5384BDF228FB8B8E007F17C1 /* Resources */ = {
			isa = PBXResourcesBuildPhase;
			buildActionMask = 2147483647;
			files = (
				5384BE6028FC1B9D007F17C1 /* Lexend-Regular.ttf in Resources */,
				5384BE5E28FC1B97007F17C1 /* Lexend-Light.ttf in Resources */,
				5384BE8128FC7E41007F17C1 /* NeutralLocations.plist in Resources */,
				5384BE5D28FC1B95007F17C1 /* Lexend-ExtraBold.ttf in Resources */,
				5384BE5A28FC1B8C007F17C1 /* Lexend-Black.ttf in Resources */,
				5384BE5F28FC1B9B007F17C1 /* Lexend-Medium.ttf in Resources */,
				5384BE6128FC1BA0007F17C1 /* Lexend-SemiBold.ttf in Resources */,
				5384BE6228FC1BA3007F17C1 /* Lexend-Thin.ttf in Resources */,
				5384BE5B28FC1B8F007F17C1 /* Lexend-Bold.ttf in Resources */,
				5384BE8028FC7E41007F17C1 /* SadLocations.plist in Resources */,
				5384BE8228FC7E41007F17C1 /* HappyLocations.plist in Resources */,
				5384BDFF28FB8B8F007F17C1 /* Preview Assets.xcassets in Resources */,
				5384BDFC28FB8B8F007F17C1 /* Assets.xcassets in Resources */,
				5384BE5C28FC1B92007F17C1 /* Lexend-ExtraLight.ttf in Resources */,
				5384BE7E28FC7E41007F17C1 /* CurrentLocation.plist in Resources */,
			);
			runOnlyForDeploymentPostprocessing = 0;
		};
/* End PBXResourcesBuildPhase section */

/* Begin PBXSourcesBuildPhase section */
		5384BDF028FB8B8E007F17C1 /* Sources */ = {
			isa = PBXSourcesBuildPhase;
			buildActionMask = 2147483647;
			files = (
				5384BE6728FC233B007F17C1 /* EmotionAnnotation.swift in Sources */,
				55D0CACE28FC5B5F009156D4 /* ReflectionView.swift in Sources */,
				5384BE1128FB9A7E007F17C1 /* ViewModifier.swift in Sources */,
				5384BE5028FC0D72007F17C1 /* EmotionListItem.swift in Sources */,
				5384BE7528FC7821007F17C1 /* EmotionAnnotationView.swift in Sources */,
				5384BE4C28FBED0D007F17C1 /* AddEmotionView.swift in Sources */,
				55D0CAD428FC6549009156D4 /* UserModel.swift in Sources */,
				5384BE6428FC1E98007F17C1 /* HomeView.swift in Sources */,
				5384BE4E28FC04AB007F17C1 /* ViewRouter.swift in Sources */,
				5384BE6E28FC760C007F17C1 /* ParkMapOverlay.swift in Sources */,
				5384BE0A28FB96F6007F17C1 /* FriendEmotionView.swift in Sources */,
				5384BE6C28FC75DB007F17C1 /* Character.swift in Sources */,
				5384BE4A28FBEB66007F17C1 /* MapView.swift in Sources */,
				5384BE7028FC7610007F17C1 /* ParkMapOverlayView.swift in Sources */,
				5384BE0728FB957C007F17C1 /* MainView.swift in Sources */,
				5384BDF828FB8B8E007F17C1 /* HowYaApp.swift in Sources */,
				5384BE4828FBBCD7007F17C1 /* EmotionsModel.swift in Sources */,
			);
			runOnlyForDeploymentPostprocessing = 0;
		};
/* End PBXSourcesBuildPhase section */

/* Begin XCBuildConfiguration section */
		5384BE0028FB8B8F007F17C1 /* Debug */ = {
			isa = XCBuildConfiguration;
			buildSettings = {
				ALWAYS_SEARCH_USER_PATHS = NO;
				CLANG_ANALYZER_NONNULL = YES;
				CLANG_ANALYZER_NUMBER_OBJECT_CONVERSION = YES_AGGRESSIVE;
				CLANG_CXX_LANGUAGE_STANDARD = "gnu++20";
				CLANG_ENABLE_MODULES = YES;
				CLANG_ENABLE_OBJC_ARC = YES;
				CLANG_ENABLE_OBJC_WEAK = YES;
				CLANG_WARN_BLOCK_CAPTURE_AUTORELEASING = YES;
				CLANG_WARN_BOOL_CONVERSION = YES;
				CLANG_WARN_COMMA = YES;
				CLANG_WARN_CONSTANT_CONVERSION = YES;
				CLANG_WARN_DEPRECATED_OBJC_IMPLEMENTATIONS = YES;
				CLANG_WARN_DIRECT_OBJC_ISA_USAGE = YES_ERROR;
				CLANG_WARN_DOCUMENTATION_COMMENTS = YES;
				CLANG_WARN_EMPTY_BODY = YES;
				CLANG_WARN_ENUM_CONVERSION = YES;
				CLANG_WARN_INFINITE_RECURSION = YES;
				CLANG_WARN_INT_CONVERSION = YES;
				CLANG_WARN_NON_LITERAL_NULL_CONVERSION = YES;
				CLANG_WARN_OBJC_IMPLICIT_RETAIN_SELF = YES;
				CLANG_WARN_OBJC_LITERAL_CONVERSION = YES;
				CLANG_WARN_OBJC_ROOT_CLASS = YES_ERROR;
				CLANG_WARN_QUOTED_INCLUDE_IN_FRAMEWORK_HEADER = YES;
				CLANG_WARN_RANGE_LOOP_ANALYSIS = YES;
				CLANG_WARN_STRICT_PROTOTYPES = YES;
				CLANG_WARN_SUSPICIOUS_MOVE = YES;
				CLANG_WARN_UNGUARDED_AVAILABILITY = YES_AGGRESSIVE;
				CLANG_WARN_UNREACHABLE_CODE = YES;
				CLANG_WARN__DUPLICATE_METHOD_MATCH = YES;
				COPY_PHASE_STRIP = NO;
				DEBUG_INFORMATION_FORMAT = dwarf;
				ENABLE_STRICT_OBJC_MSGSEND = YES;
				ENABLE_TESTABILITY = YES;
				GCC_C_LANGUAGE_STANDARD = gnu11;
				GCC_DYNAMIC_NO_PIC = NO;
				GCC_NO_COMMON_BLOCKS = YES;
				GCC_OPTIMIZATION_LEVEL = 0;
				GCC_PREPROCESSOR_DEFINITIONS = (
					"DEBUG=1",
					"$(inherited)",
				);
				GCC_WARN_64_TO_32_BIT_CONVERSION = YES;
				GCC_WARN_ABOUT_RETURN_TYPE = YES_ERROR;
				GCC_WARN_UNDECLARED_SELECTOR = YES;
				GCC_WARN_UNINITIALIZED_AUTOS = YES_AGGRESSIVE;
				GCC_WARN_UNUSED_FUNCTION = YES;
				GCC_WARN_UNUSED_VARIABLE = YES;
				IPHONEOS_DEPLOYMENT_TARGET = 16.0;
				MTL_ENABLE_DEBUG_INFO = INCLUDE_SOURCE;
				MTL_FAST_MATH = YES;
				ONLY_ACTIVE_ARCH = YES;
				SDKROOT = iphoneos;
				SWIFT_ACTIVE_COMPILATION_CONDITIONS = DEBUG;
				SWIFT_OPTIMIZATION_LEVEL = "-Onone";
			};
			name = Debug;
		};
		5384BE0128FB8B8F007F17C1 /* Release */ = {
			isa = XCBuildConfiguration;
			buildSettings = {
				ALWAYS_SEARCH_USER_PATHS = NO;
				CLANG_ANALYZER_NONNULL = YES;
				CLANG_ANALYZER_NUMBER_OBJECT_CONVERSION = YES_AGGRESSIVE;
				CLANG_CXX_LANGUAGE_STANDARD = "gnu++20";
				CLANG_ENABLE_MODULES = YES;
				CLANG_ENABLE_OBJC_ARC = YES;
				CLANG_ENABLE_OBJC_WEAK = YES;
				CLANG_WARN_BLOCK_CAPTURE_AUTORELEASING = YES;
				CLANG_WARN_BOOL_CONVERSION = YES;
				CLANG_WARN_COMMA = YES;
				CLANG_WARN_CONSTANT_CONVERSION = YES;
				CLANG_WARN_DEPRECATED_OBJC_IMPLEMENTATIONS = YES;
				CLANG_WARN_DIRECT_OBJC_ISA_USAGE = YES_ERROR;
				CLANG_WARN_DOCUMENTATION_COMMENTS = YES;
				CLANG_WARN_EMPTY_BODY = YES;
				CLANG_WARN_ENUM_CONVERSION = YES;
				CLANG_WARN_INFINITE_RECURSION = YES;
				CLANG_WARN_INT_CONVERSION = YES;
				CLANG_WARN_NON_LITERAL_NULL_CONVERSION = YES;
				CLANG_WARN_OBJC_IMPLICIT_RETAIN_SELF = YES;
				CLANG_WARN_OBJC_LITERAL_CONVERSION = YES;
				CLANG_WARN_OBJC_ROOT_CLASS = YES_ERROR;
				CLANG_WARN_QUOTED_INCLUDE_IN_FRAMEWORK_HEADER = YES;
				CLANG_WARN_RANGE_LOOP_ANALYSIS = YES;
				CLANG_WARN_STRICT_PROTOTYPES = YES;
				CLANG_WARN_SUSPICIOUS_MOVE = YES;
				CLANG_WARN_UNGUARDED_AVAILABILITY = YES_AGGRESSIVE;
				CLANG_WARN_UNREACHABLE_CODE = YES;
				CLANG_WARN__DUPLICATE_METHOD_MATCH = YES;
				COPY_PHASE_STRIP = NO;
				DEBUG_INFORMATION_FORMAT = "dwarf-with-dsym";
				ENABLE_NS_ASSERTIONS = NO;
				ENABLE_STRICT_OBJC_MSGSEND = YES;
				GCC_C_LANGUAGE_STANDARD = gnu11;
				GCC_NO_COMMON_BLOCKS = YES;
				GCC_WARN_64_TO_32_BIT_CONVERSION = YES;
				GCC_WARN_ABOUT_RETURN_TYPE = YES_ERROR;
				GCC_WARN_UNDECLARED_SELECTOR = YES;
				GCC_WARN_UNINITIALIZED_AUTOS = YES_AGGRESSIVE;
				GCC_WARN_UNUSED_FUNCTION = YES;
				GCC_WARN_UNUSED_VARIABLE = YES;
				IPHONEOS_DEPLOYMENT_TARGET = 16.0;
				MTL_ENABLE_DEBUG_INFO = NO;
				MTL_FAST_MATH = YES;
				SDKROOT = iphoneos;
				SWIFT_COMPILATION_MODE = wholemodule;
				SWIFT_OPTIMIZATION_LEVEL = "-O";
				VALIDATE_PRODUCT = YES;
			};
			name = Release;
		};
		5384BE0328FB8B8F007F17C1 /* Debug */ = {
			isa = XCBuildConfiguration;
			buildSettings = {
				ASSETCATALOG_COMPILER_APPICON_NAME = AppIcon;
				ASSETCATALOG_COMPILER_GLOBAL_ACCENT_COLOR_NAME = AccentColor;
				CODE_SIGN_STYLE = Automatic;
				CURRENT_PROJECT_VERSION = 1;
				DEVELOPMENT_ASSET_PATHS = "\"HowYa/Preview Content\"";
				ENABLE_PREVIEWS = YES;
				GENERATE_INFOPLIST_FILE = YES;
				INFOPLIST_FILE = HowYa/Info.plist;
				INFOPLIST_KEY_LSApplicationCategoryType = "";
				INFOPLIST_KEY_UIApplicationSceneManifest_Generation = YES;
				INFOPLIST_KEY_UIApplicationSupportsIndirectInputEvents = YES;
				INFOPLIST_KEY_UILaunchScreen_Generation = YES;
				INFOPLIST_KEY_UISupportedInterfaceOrientations_iPad = "UIInterfaceOrientationPortrait UIInterfaceOrientationPortraitUpsideDown UIInterfaceOrientationLandscapeLeft UIInterfaceOrientationLandscapeRight";
				INFOPLIST_KEY_UISupportedInterfaceOrientations_iPhone = "UIInterfaceOrientationPortrait UIInterfaceOrientationLandscapeLeft UIInterfaceOrientationLandscapeRight";
				LD_RUNPATH_SEARCH_PATHS = (
					"$(inherited)",
					"@executable_path/Frameworks",
				);
				MARKETING_VERSION = 1.0;
				PRODUCT_BUNDLE_IDENTIFIER = howya.HowYa;
				PRODUCT_NAME = "$(TARGET_NAME)";
				SWIFT_EMIT_LOC_STRINGS = YES;
				SWIFT_VERSION = 5.0;
				TARGETED_DEVICE_FAMILY = "1,2";
			};
			name = Debug;
		};
		5384BE0428FB8B8F007F17C1 /* Release */ = {
			isa = XCBuildConfiguration;
			buildSettings = {
				ASSETCATALOG_COMPILER_APPICON_NAME = AppIcon;
				ASSETCATALOG_COMPILER_GLOBAL_ACCENT_COLOR_NAME = AccentColor;
				CODE_SIGN_STYLE = Automatic;
				CURRENT_PROJECT_VERSION = 1;
				DEVELOPMENT_ASSET_PATHS = "\"HowYa/Preview Content\"";
				ENABLE_PREVIEWS = YES;
				GENERATE_INFOPLIST_FILE = YES;
				INFOPLIST_FILE = HowYa/Info.plist;
				INFOPLIST_KEY_LSApplicationCategoryType = "";
				INFOPLIST_KEY_UIApplicationSceneManifest_Generation = YES;
				INFOPLIST_KEY_UIApplicationSupportsIndirectInputEvents = YES;
				INFOPLIST_KEY_UILaunchScreen_Generation = YES;
				INFOPLIST_KEY_UISupportedInterfaceOrientations_iPad = "UIInterfaceOrientationPortrait UIInterfaceOrientationPortraitUpsideDown UIInterfaceOrientationLandscapeLeft UIInterfaceOrientationLandscapeRight";
				INFOPLIST_KEY_UISupportedInterfaceOrientations_iPhone = "UIInterfaceOrientationPortrait UIInterfaceOrientationLandscapeLeft UIInterfaceOrientationLandscapeRight";
				LD_RUNPATH_SEARCH_PATHS = (
					"$(inherited)",
					"@executable_path/Frameworks",
				);
				MARKETING_VERSION = 1.0;
				PRODUCT_BUNDLE_IDENTIFIER = howya.HowYa;
				PRODUCT_NAME = "$(TARGET_NAME)";
				SWIFT_EMIT_LOC_STRINGS = YES;
				SWIFT_VERSION = 5.0;
				TARGETED_DEVICE_FAMILY = "1,2";
			};
			name = Release;
		};
/* End XCBuildConfiguration section */

/* Begin XCConfigurationList section */
		5384BDEF28FB8B8E007F17C1 /* Build configuration list for PBXProject "HowYa" */ = {
			isa = XCConfigurationList;
			buildConfigurations = (
				5384BE0028FB8B8F007F17C1 /* Debug */,
				5384BE0128FB8B8F007F17C1 /* Release */,
			);
			defaultConfigurationIsVisible = 0;
			defaultConfigurationName = Release;
		};
		5384BE0228FB8B8F007F17C1 /* Build configuration list for PBXNativeTarget "HowYa" */ = {
			isa = XCConfigurationList;
			buildConfigurations = (
				5384BE0328FB8B8F007F17C1 /* Debug */,
				5384BE0428FB8B8F007F17C1 /* Release */,
			);
			defaultConfigurationIsVisible = 0;
			defaultConfigurationName = Release;
		};
/* End XCConfigurationList section */
	};
	rootObject = 5384BDEC28FB8B8E007F17C1 /* Project object */;
}
